// !$*UTF8*$!
{
	archiveVersion = 1;
	classes = {
	};
	objectVersion = 46;
	objects = {

/* Begin PBXBuildFile section */
		40257B661C53C3670098111D /* AppDelegate.swift in Sources */ = {isa = PBXBuildFile; fileRef = 40257B651C53C3670098111D /* AppDelegate.swift */; };
		40257B681C53C3670098111D /* ViewController.swift in Sources */ = {isa = PBXBuildFile; fileRef = 40257B671C53C3670098111D /* ViewController.swift */; };
		40257B6B1C53C3670098111D /* Main.storyboard in Resources */ = {isa = PBXBuildFile; fileRef = 40257B691C53C3670098111D /* Main.storyboard */; };
		40257B6D1C53C3670098111D /* Assets.xcassets in Resources */ = {isa = PBXBuildFile; fileRef = 40257B6C1C53C3670098111D /* Assets.xcassets */; };
		40257B701C53C3670098111D /* LaunchScreen.storyboard in Resources */ = {isa = PBXBuildFile; fileRef = 40257B6E1C53C3670098111D /* LaunchScreen.storyboard */; };
		40257B7B1C53C3680098111D /* DeadpoolTests.swift in Sources */ = {isa = PBXBuildFile; fileRef = 40257B7A1C53C3680098111D /* DeadpoolTests.swift */; };
		40257B861C53C3680098111D /* DeadpoolUITests.swift in Sources */ = {isa = PBXBuildFile; fileRef = 40257B851C53C3680098111D /* DeadpoolUITests.swift */; };
		405387B11C5DE924003080FB /* SelectDOBControllerTableViewController.swift in Sources */ = {isa = PBXBuildFile; fileRef = 405387B01C5DE924003080FB /* SelectDOBControllerTableViewController.swift */; };
		4081218E1C60A31F00C23CDB /* GamePickerViewController.swift in Sources */ = {isa = PBXBuildFile; fileRef = 4081218D1C60A31F00C23CDB /* GamePickerViewController.swift */; };
/* End PBXBuildFile section */

/* Begin PBXContainerItemProxy section */
		40257B771C53C3670098111D /* PBXContainerItemProxy */ = {
			isa = PBXContainerItemProxy;
			containerPortal = 40257B5A1C53C3670098111D /* Project object */;
			proxyType = 1;
			remoteGlobalIDString = 40257B611C53C3670098111D;
			remoteInfo = Deadpool;
		};
		40257B821C53C3680098111D /* PBXContainerItemProxy */ = {
			isa = PBXContainerItemProxy;
			containerPortal = 40257B5A1C53C3670098111D /* Project object */;
			proxyType = 1;
			remoteGlobalIDString = 40257B611C53C3670098111D;
			remoteInfo = Deadpool;
		};
/* End PBXContainerItemProxy section */

/* Begin PBXFileReference section */
		40257B621C53C3670098111D /* Deadpool.app */ = {isa = PBXFileReference; explicitFileType = wrapper.application; includeInIndex = 0; path = Deadpool.app; sourceTree = BUILT_PRODUCTS_DIR; };
		40257B651C53C3670098111D /* AppDelegate.swift */ = {isa = PBXFileReference; lastKnownFileType = sourcecode.swift; path = AppDelegate.swift; sourceTree = "<group>"; };
		40257B671C53C3670098111D /* ViewController.swift */ = {isa = PBXFileReference; lastKnownFileType = sourcecode.swift; path = ViewController.swift; sourceTree = "<group>"; };
		40257B6A1C53C3670098111D /* Base */ = {isa = PBXFileReference; lastKnownFileType = file.storyboard; name = Base; path = Base.lproj/Main.storyboard; sourceTree = "<group>"; };
		40257B6C1C53C3670098111D /* Assets.xcassets */ = {isa = PBXFileReference; lastKnownFileType = folder.assetcatalog; path = Assets.xcassets; sourceTree = "<group>"; };
		40257B6F1C53C3670098111D /* Base */ = {isa = PBXFileReference; lastKnownFileType = file.storyboard; name = Base; path = Base.lproj/LaunchScreen.storyboard; sourceTree = "<group>"; };
		40257B711C53C3670098111D /* Info.plist */ = {isa = PBXFileReference; lastKnownFileType = text.plist.xml; path = Info.plist; sourceTree = "<group>"; };
		40257B761C53C3670098111D /* DeadpoolTests.xctest */ = {isa = PBXFileReference; explicitFileType = wrapper.cfbundle; includeInIndex = 0; path = DeadpoolTests.xctest; sourceTree = BUILT_PRODUCTS_DIR; };
		40257B7A1C53C3680098111D /* DeadpoolTests.swift */ = {isa = PBXFileReference; lastKnownFileType = sourcecode.swift; path = DeadpoolTests.swift; sourceTree = "<group>"; };
		40257B7C1C53C3680098111D /* Info.plist */ = {isa = PBXFileReference; lastKnownFileType = text.plist.xml; path = Info.plist; sourceTree = "<group>"; };
		40257B811C53C3680098111D /* DeadpoolUITests.xctest */ = {isa = PBXFileReference; explicitFileType = wrapper.cfbundle; includeInIndex = 0; path = DeadpoolUITests.xctest; sourceTree = BUILT_PRODUCTS_DIR; };
		40257B851C53C3680098111D /* DeadpoolUITests.swift */ = {isa = PBXFileReference; lastKnownFileType = sourcecode.swift; path = DeadpoolUITests.swift; sourceTree = "<group>"; };
		40257B871C53C3680098111D /* Info.plist */ = {isa = PBXFileReference; lastKnownFileType = text.plist.xml; path = Info.plist; sourceTree = "<group>"; };
		405387B01C5DE924003080FB /* SelectDOBControllerTableViewController.swift */ = {isa = PBXFileReference; fileEncoding = 4; lastKnownFileType = sourcecode.swift; path = SelectDOBControllerTableViewController.swift; sourceTree = "<group>"; };
		4081218D1C60A31F00C23CDB /* GamePickerViewController.swift */ = {isa = PBXFileReference; fileEncoding = 4; lastKnownFileType = sourcecode.swift; path = GamePickerViewController.swift; sourceTree = "<group>"; };
/* End PBXFileReference section */

/* Begin PBXFrameworksBuildPhase section */
		40257B5F1C53C3670098111D /* Frameworks */ = {
			isa = PBXFrameworksBuildPhase;
			buildActionMask = 2147483647;
			files = (
			);
			runOnlyForDeploymentPostprocessing = 0;
		};
		40257B731C53C3670098111D /* Frameworks */ = {
			isa = PBXFrameworksBuildPhase;
			buildActionMask = 2147483647;
			files = (
			);
			runOnlyForDeploymentPostprocessing = 0;
		};
		40257B7E1C53C3680098111D /* Frameworks */ = {
			isa = PBXFrameworksBuildPhase;
			buildActionMask = 2147483647;
			files = (
			);
			runOnlyForDeploymentPostprocessing = 0;
		};
/* End PBXFrameworksBuildPhase section */

/* Begin PBXGroup section */
		40257B591C53C3670098111D = {
			isa = PBXGroup;
			children = (
				40257B641C53C3670098111D /* Deadpool */,
				40257B791C53C3670098111D /* DeadpoolTests */,
				40257B841C53C3680098111D /* DeadpoolUITests */,
				40257B631C53C3670098111D /* Products */,
			);
			sourceTree = "<group>";
		};
		40257B631C53C3670098111D /* Products */ = {
			isa = PBXGroup;
			children = (
				40257B621C53C3670098111D /* Deadpool.app */,
				40257B761C53C3670098111D /* DeadpoolTests.xctest */,
				40257B811C53C3680098111D /* DeadpoolUITests.xctest */,
			);
			name = Products;
			sourceTree = "<group>";
		};
		40257B641C53C3670098111D /* Deadpool */ = {
			isa = PBXGroup;
			children = (
				40257B651C53C3670098111D /* AppDelegate.swift */,
				405387B01C5DE924003080FB /* SelectDOBControllerTableViewController.swift */,
				40257B671C53C3670098111D /* ViewController.swift */,
				40257B691C53C3670098111D /* Main.storyboard */,
				4081218D1C60A31F00C23CDB /* GamePickerViewController.swift */,
				40257B6C1C53C3670098111D /* Assets.xcassets */,
				40257B6E1C53C3670098111D /* LaunchScreen.storyboard */,
				40257B711C53C3670098111D /* Info.plist */,
			);
			path = Deadpool;
			sourceTree = "<group>";
		};
		40257B791C53C3670098111D /* DeadpoolTests */ = {
			isa = PBXGroup;
			children = (
				40257B7A1C53C3680098111D /* DeadpoolTests.swift */,
				40257B7C1C53C3680098111D /* Info.plist */,
			);
			path = DeadpoolTests;
			sourceTree = "<group>";
		};
		40257B841C53C3680098111D /* DeadpoolUITests */ = {
			isa = PBXGroup;
			children = (
				40257B851C53C3680098111D /* DeadpoolUITests.swift */,
				40257B871C53C3680098111D /* Info.plist */,
			);
			path = DeadpoolUITests;
			sourceTree = "<group>";
		};
/* End PBXGroup section */

/* Begin PBXNativeTarget section */
		40257B611C53C3670098111D /* Deadpool */ = {
			isa = PBXNativeTarget;
			buildConfigurationList = 40257B8A1C53C3680098111D /* Build configuration list for PBXNativeTarget "Deadpool" */;
			buildPhases = (
				40257B5E1C53C3670098111D /* Sources */,
				40257B5F1C53C3670098111D /* Frameworks */,
				40257B601C53C3670098111D /* Resources */,
			);
			buildRules = (
			);
			dependencies = (
			);
			name = Deadpool;
			productName = Deadpool;
			productReference = 40257B621C53C3670098111D /* Deadpool.app */;
			productType = "com.apple.product-type.application";
		};
		40257B751C53C3670098111D /* DeadpoolTests */ = {
			isa = PBXNativeTarget;
			buildConfigurationList = 40257B8D1C53C3680098111D /* Build configuration list for PBXNativeTarget "DeadpoolTests" */;
			buildPhases = (
				40257B721C53C3670098111D /* Sources */,
				40257B731C53C3670098111D /* Frameworks */,
				40257B741C53C3670098111D /* Resources */,
			);
			buildRules = (
			);
			dependencies = (
				40257B781C53C3670098111D /* PBXTargetDependency */,
			);
			name = DeadpoolTests;
			productName = DeadpoolTests;
			productReference = 40257B761C53C3670098111D /* DeadpoolTests.xctest */;
			productType = "com.apple.product-type.bundle.unit-test";
		};
		40257B801C53C3680098111D /* DeadpoolUITests */ = {
			isa = PBXNativeTarget;
			buildConfigurationList = 40257B901C53C3680098111D /* Build configuration list for PBXNativeTarget "DeadpoolUITests" */;
			buildPhases = (
				40257B7D1C53C3680098111D /* Sources */,
				40257B7E1C53C3680098111D /* Frameworks */,
				40257B7F1C53C3680098111D /* Resources */,
			);
			buildRules = (
			);
			dependencies = (
				40257B831C53C3680098111D /* PBXTargetDependency */,
			);
			name = DeadpoolUITests;
			productName = DeadpoolUITests;
			productReference = 40257B811C53C3680098111D /* DeadpoolUITests.xctest */;
			productType = "com.apple.product-type.bundle.ui-testing";
		};
/* End PBXNativeTarget section */

/* Begin PBXProject section */
		40257B5A1C53C3670098111D /* Project object */ = {
			isa = PBXProject;
			attributes = {
				LastSwiftUpdateCheck = 0720;
				LastUpgradeCheck = 0720;
				ORGANIZATIONNAME = MScZJN;
				TargetAttributes = {
					40257B611C53C3670098111D = {
						CreatedOnToolsVersion = 7.2;
						DevelopmentTeam = EFYK34E75R;
					};
					40257B751C53C3670098111D = {
						CreatedOnToolsVersion = 7.2;
						DevelopmentTeam = EFYK34E75R;
						TestTargetID = 40257B611C53C3670098111D;
					};
					40257B801C53C3680098111D = {
						CreatedOnToolsVersion = 7.2;
						DevelopmentTeam = EFYK34E75R;
						TestTargetID = 40257B611C53C3670098111D;
					};
				};
			};
			buildConfigurationList = 40257B5D1C53C3670098111D /* Build configuration list for PBXProject "Deadpool" */;
			compatibilityVersion = "Xcode 3.2";
			developmentRegion = English;
			hasScannedForEncodings = 0;
			knownRegions = (
				en,
				Base,
			);
			mainGroup = 40257B591C53C3670098111D;
			productRefGroup = 40257B631C53C3670098111D /* Products */;
			projectDirPath = "";
			projectRoot = "";
			targets = (
				40257B611C53C3670098111D /* Deadpool */,
				40257B751C53C3670098111D /* DeadpoolTests */,
				40257B801C53C3680098111D /* DeadpoolUITests */,
			);
		};
/* End PBXProject section */

/* Begin PBXResourcesBuildPhase section */
		40257B601C53C3670098111D /* Resources */ = {
			isa = PBXResourcesBuildPhase;
			buildActionMask = 2147483647;
			files = (
				40257B701C53C3670098111D /* LaunchScreen.storyboard in Resources */,
				40257B6D1C53C3670098111D /* Assets.xcassets in Resources */,
				40257B6B1C53C3670098111D /* Main.storyboard in Resources */,
			);
			runOnlyForDeploymentPostprocessing = 0;
		};
		40257B741C53C3670098111D /* Resources */ = {
			isa = PBXResourcesBuildPhase;
			buildActionMask = 2147483647;
			files = (
			);
			runOnlyForDeploymentPostprocessing = 0;
		};
		40257B7F1C53C3680098111D /* Resources */ = {
			isa = PBXResourcesBuildPhase;
			buildActionMask = 2147483647;
			files = (
			);
			runOnlyForDeploymentPostprocessing = 0;
		};
/* End PBXResourcesBuildPhase section */

/* Begin PBXSourcesBuildPhase section */
		40257B5E1C53C3670098111D /* Sources */ = {
			isa = PBXSourcesBuildPhase;
			buildActionMask = 2147483647;
			files = (
				4081218E1C60A31F00C23CDB /* GamePickerViewController.swift in Sources */,
				40257B681C53C3670098111D /* ViewController.swift in Sources */,
				40257B661C53C3670098111D /* AppDelegate.swift in Sources */,
				405387B11C5DE924003080FB /* SelectDOBControllerTableViewController.swift in Sources */,
			);
			runOnlyForDeploymentPostprocessing = 0;
		};
		40257B721C53C3670098111D /* Sources */ = {
			isa = PBXSourcesBuildPhase;
			buildActionMask = 2147483647;
			files = (
				40257B7B1C53C3680098111D /* DeadpoolTests.swift in Sources */,
			);
			runOnlyForDeploymentPostprocessing = 0;
		};
		40257B7D1C53C3680098111D /* Sources */ = {
			isa = PBXSourcesBuildPhase;
			buildActionMask = 2147483647;
			files = (
				40257B861C53C3680098111D /* DeadpoolUITests.swift in Sources */,
			);
			runOnlyForDeploymentPostprocessing = 0;
		};
/* End PBXSourcesBuildPhase section */

/* Begin PBXTargetDependency section */
		40257B781C53C3670098111D /* PBXTargetDependency */ = {
			isa = PBXTargetDependency;
			target = 40257B611C53C3670098111D /* Deadpool */;
			targetProxy = 40257B771C53C3670098111D /* PBXContainerItemProxy */;
		};
		40257B831C53C3680098111D /* PBXTargetDependency */ = {
			isa = PBXTargetDependency;
			target = 40257B611C53C3670098111D /* Deadpool */;
			targetProxy = 40257B821C53C3680098111D /* PBXContainerItemProxy */;
		};
/* End PBXTargetDependency section */

/* Begin PBXVariantGroup section */
		40257B691C53C3670098111D /* Main.storyboard */ = {
			isa = PBXVariantGroup;
			children = (
				40257B6A1C53C3670098111D /* Base */,
			);
			name = Main.storyboard;
			sourceTree = "<group>";
		};
		40257B6E1C53C3670098111D /* LaunchScreen.storyboard */ = {
			isa = PBXVariantGroup;
			children = (
				40257B6F1C53C3670098111D /* Base */,
			);
			name = LaunchScreen.storyboard;
			sourceTree = "<group>";
		};
/* End PBXVariantGroup section */

/* Begin XCBuildConfiguration section */
		40257B881C53C3680098111D /* Debug */ = {
			isa = XCBuildConfiguration;
			buildSettings = {
				ALWAYS_SEARCH_USER_PATHS = NO;
				CLANG_CXX_LANGUAGE_STANDARD = "gnu++0x";
				CLANG_CXX_LIBRARY = "libc++";
				CLANG_ENABLE_MODULES = YES;
				CLANG_ENABLE_OBJC_ARC = YES;
				CLANG_WARN_BOOL_CONVERSION = YES;
				CLANG_WARN_CONSTANT_CONVERSION = YES;
				CLANG_WARN_DIRECT_OBJC_ISA_USAGE = YES_ERROR;
				CLANG_WARN_EMPTY_BODY = YES;
				CLANG_WARN_ENUM_CONVERSION = YES;
				CLANG_WARN_INT_CONVERSION = YES;
				CLANG_WARN_OBJC_ROOT_CLASS = YES_ERROR;
				CLANG_WARN_UNREACHABLE_CODE = YES;
				CLANG_WARN__DUPLICATE_METHOD_MATCH = YES;
				"CODE_SIGN_IDENTITY[sdk=iphoneos*]" = "iPhone Developer";
				COPY_PHASE_STRIP = NO;
				DEBUG_INFORMATION_FORMAT = dwarf;
				ENABLE_STRICT_OBJC_MSGSEND = YES;
				ENABLE_TESTABILITY = YES;
				GCC_C_LANGUAGE_STANDARD = gnu99;
				GCC_DYNAMIC_NO_PIC = NO;
				GCC_NO_COMMON_BLOCKS = YES;
				GCC_OPTIMIZATION_LEVEL = 0;
				GCC_PREPROCESSOR_DEFINITIONS = (
					"DEBUG=1",
					"$(inherited)",
				);
				GCC_WARN_64_TO_32_BIT_CONVERSION = YES;
				GCC_WARN_ABOUT_RETURN_TYPE = YES_ERROR;
				GCC_WARN_UNDECLARED_SELECTOR = YES;
				GCC_WARN_UNINITIALIZED_AUTOS = YES_AGGRESSIVE;
				GCC_WARN_UNUSED_FUNCTION = YES;
				GCC_WARN_UNUSED_VARIABLE = YES;
				IPHONEOS_DEPLOYMENT_TARGET = 9.2;
				MTL_ENABLE_DEBUG_INFO = YES;
				ONLY_ACTIVE_ARCH = YES;
				SDKROOT = iphoneos;
				SWIFT_OPTIMIZATION_LEVEL = "-Onone";
			};
			name = Debug;
		};
		40257B891C53C3680098111D /* Release */ = {
			isa = XCBuildConfiguration;
			buildSettings = {
				ALWAYS_SEARCH_USER_PATHS = NO;
				CLANG_CXX_LANGUAGE_STANDARD = "gnu++0x";
				CLANG_CXX_LIBRARY = "libc++";
				CLANG_ENABLE_MODULES = YES;
				CLANG_ENABLE_OBJC_ARC = YES;
				CLANG_WARN_BOOL_CONVERSION = YES;
				CLANG_WARN_CONSTANT_CONVERSION = YES;
				CLANG_WARN_DIRECT_OBJC_ISA_USAGE = YES_ERROR;
				CLANG_WARN_EMPTY_BODY = YES;
				CLANG_WARN_ENUM_CONVERSION = YES;
				CLANG_WARN_INT_CONVERSION = YES;
				CLANG_WARN_OBJC_ROOT_CLASS = YES_ERROR;
				CLANG_WARN_UNREACHABLE_CODE = YES;
				CLANG_WARN__DUPLICATE_METHOD_MATCH = YES;
				"CODE_SIGN_IDENTITY[sdk=iphoneos*]" = "iPhone Developer";
				COPY_PHASE_STRIP = NO;
				DEBUG_INFORMATION_FORMAT = "dwarf-with-dsym";
				ENABLE_NS_ASSERTIONS = NO;
				ENABLE_STRICT_OBJC_MSGSEND = YES;
				GCC_C_LANGUAGE_STANDARD = gnu99;
				GCC_NO_COMMON_BLOCKS = YES;
				GCC_WARN_64_TO_32_BIT_CONVERSION = YES;
				GCC_WARN_ABOUT_RETURN_TYPE = YES_ERROR;
				GCC_WARN_UNDECLARED_SELECTOR = YES;
				GCC_WARN_UNINITIALIZED_AUTOS = YES_AGGRESSIVE;
				GCC_WARN_UNUSED_FUNCTION = YES;
				GCC_WARN_UNUSED_VARIABLE = YES;
				IPHONEOS_DEPLOYMENT_TARGET = 9.2;
				MTL_ENABLE_DEBUG_INFO = NO;
				SDKROOT = iphoneos;
				VALIDATE_PRODUCT = YES;
			};
			name = Release;
		};
		40257B8B1C53C3680098111D /* Debug */ = {
			isa = XCBuildConfiguration;
			buildSettings = {
				ASSETCATALOG_COMPILER_APPICON_NAME = AppIcon;
				INFOPLIST_FILE = Deadpool/Info.plist;
				LD_RUNPATH_SEARCH_PATHS = "$(inherited) @executable_path/Frameworks";
				PRODUCT_BUNDLE_IDENTIFIER = com.MScZJN.Deadpool;
				PRODUCT_NAME = "$(TARGET_NAME)";
			};
			name = Debug;
		};
		40257B8C1C53C3680098111D /* Release */ = {
			isa = XCBuildConfiguration;
			buildSettings = {
				ASSETCATALOG_COMPILER_APPICON_NAME = AppIcon;
				INFOPLIST_FILE = Deadpool/Info.plist;
				LD_RUNPATH_SEARCH_PATHS = "$(inherited) @executable_path/Frameworks";
				PRODUCT_BUNDLE_IDENTIFIER = com.MScZJN.Deadpool;
				PRODUCT_NAME = "$(TARGET_NAME)";
			};
			name = Release;
		};
		40257B8E1C53C3680098111D /* Debug */ = {
			isa = XCBuildConfiguration;
			buildSettings = {
				BUNDLE_LOADER = "$(TEST_HOST)";
				INFOPLIST_FILE = DeadpoolTests/Info.plist;
				LD_RUNPATH_SEARCH_PATHS = "$(inherited) @executable_path/Frameworks @loader_path/Frameworks";
				PRODUCT_BUNDLE_IDENTIFIER = com.MScZJN.DeadpoolTests;
				PRODUCT_NAME = "$(TARGET_NAME)";
				TEST_HOST = "$(BUILT_PRODUCTS_DIR)/Deadpool.app/Deadpool";
			};
			name = Debug;
		};
		40257B8F1C53C3680098111D /* Release */ = {
			isa = XCBuildConfiguration;
			buildSettings = {
				BUNDLE_LOADER = "$(TEST_HOST)";
				INFOPLIST_FILE = DeadpoolTests/Info.plist;
				LD_RUNPATH_SEARCH_PATHS = "$(inherited) @executable_path/Frameworks @loader_path/Frameworks";
				PRODUCT_BUNDLE_IDENTIFIER = com.MScZJN.DeadpoolTests;
				PRODUCT_NAME = "$(TARGET_NAME)";
				TEST_HOST = "$(BUILT_PRODUCTS_DIR)/Deadpool.app/Deadpool";
			};
			name = Release;
		};
		40257B911C53C3680098111D /* Debug */ = {
			isa = XCBuildConfiguration;
			buildSettings = {
				INFOPLIST_FILE = DeadpoolUITests/Info.plist;
				LD_RUNPATH_SEARCH_PATHS = "$(inherited) @executable_path/Frameworks @loader_path/Frameworks";
				PRODUCT_BUNDLE_IDENTIFIER = com.MScZJN.DeadpoolUITests;
				PRODUCT_NAME = "$(TARGET_NAME)";
				TEST_TARGET_NAME = Deadpool;
				USES_XCTRUNNER = YES;
			};
			name = Debug;
		};
		40257B921C53C3680098111D /* Release */ = {
			isa = XCBuildConfiguration;
			buildSettings = {
				INFOPLIST_FILE = DeadpoolUITests/Info.plist;
				LD_RUNPATH_SEARCH_PATHS = "$(inherited) @executable_path/Frameworks @loader_path/Frameworks";
				PRODUCT_BUNDLE_IDENTIFIER = com.MScZJN.DeadpoolUITests;
				PRODUCT_NAME = "$(TARGET_NAME)";
				TEST_TARGET_NAME = Deadpool;
				USES_XCTRUNNER = YES;
			};
			name = Release;
		};
/* End XCBuildConfiguration section */

/* Begin XCConfigurationList section */
		40257B5D1C53C3670098111D /* Build configuration list for PBXProject "Deadpool" */ = {
			isa = XCConfigurationList;
			buildConfigurations = (
				40257B881C53C3680098111D /* Debug */,
				40257B891C53C3680098111D /* Release */,
			);
			defaultConfigurationIsVisible = 0;
			defaultConfigurationName = Release;
		};
		40257B8A1C53C3680098111D /* Build configuration list for PBXNativeTarget "Deadpool" */ = {
			isa = XCConfigurationList;
			buildConfigurations = (
				40257B8B1C53C3680098111D /* Debug */,
				40257B8C1C53C3680098111D /* Release */,
			);
			defaultConfigurationIsVisible = 0;
			defaultConfigurationName = Release;
		};
		40257B8D1C53C3680098111D /* Build configuration list for PBXNativeTarget "DeadpoolTests" */ = {
			isa = XCConfigurationList;
			buildConfigurations = (
				40257B8E1C53C3680098111D /* Debug */,
				40257B8F1C53C3680098111D /* Release */,
			);
			defaultConfigurationIsVisible = 0;
			defaultConfigurationName = Release;
		};
		40257B901C53C3680098111D /* Build configuration list for PBXNativeTarget "DeadpoolUITests" */ = {
			isa = XCConfigurationList;
			buildConfigurations = (
				40257B911C53C3680098111D /* Debug */,
				40257B921C53C3680098111D /* Release */,
			);
			defaultConfigurationIsVisible = 0;
			defaultConfigurationName = Release;
		};
/* End XCConfigurationList section */
	};
	rootObject = 40257B5A1C53C3670098111D /* Project object */;
}
