// !$*UTF8*$!
{
	archiveVersion = 1;
	classes = {
	};
	objectVersion = 46;
	objects = {

/* Begin PBXBuildFile section */
		40D8332C1C575B59000C44D8 /* AppDelegate.swift in Sources */ = {isa = PBXBuildFile; fileRef = 40D8332B1C575B59000C44D8 /* AppDelegate.swift */; };
		40D8332E1C575B59000C44D8 /* ViewController.swift in Sources */ = {isa = PBXBuildFile; fileRef = 40D8332D1C575B59000C44D8 /* ViewController.swift */; };
		40D833311C575B59000C44D8 /* Main.storyboard in Resources */ = {isa = PBXBuildFile; fileRef = 40D8332F1C575B59000C44D8 /* Main.storyboard */; };
		40D833331C575B59000C44D8 /* Assets.xcassets in Resources */ = {isa = PBXBuildFile; fileRef = 40D833321C575B59000C44D8 /* Assets.xcassets */; };
		40D833361C575B59000C44D8 /* LaunchScreen.storyboard in Resources */ = {isa = PBXBuildFile; fileRef = 40D833341C575B59000C44D8 /* LaunchScreen.storyboard */; };
		40D833411C575B59000C44D8 /* test_PageViewController2Tests.swift in Sources */ = {isa = PBXBuildFile; fileRef = 40D833401C575B59000C44D8 /* test_PageViewController2Tests.swift */; };
		40D8334C1C575B59000C44D8 /* test_PageViewController2UITests.swift in Sources */ = {isa = PBXBuildFile; fileRef = 40D8334B1C575B59000C44D8 /* test_PageViewController2UITests.swift */; };
/* End PBXBuildFile section */

/* Begin PBXContainerItemProxy section */
		40D8333D1C575B59000C44D8 /* PBXContainerItemProxy */ = {
			isa = PBXContainerItemProxy;
			containerPortal = 40D833201C575B59000C44D8 /* Project object */;
			proxyType = 1;
			remoteGlobalIDString = 40D833271C575B59000C44D8;
			remoteInfo = test_PageViewController2;
		};
		40D833481C575B59000C44D8 /* PBXContainerItemProxy */ = {
			isa = PBXContainerItemProxy;
			containerPortal = 40D833201C575B59000C44D8 /* Project object */;
			proxyType = 1;
			remoteGlobalIDString = 40D833271C575B59000C44D8;
			remoteInfo = test_PageViewController2;
		};
/* End PBXContainerItemProxy section */

/* Begin PBXFileReference section */
		40D833281C575B59000C44D8 /* test_PageViewController2.app */ = {isa = PBXFileReference; explicitFileType = wrapper.application; includeInIndex = 0; path = test_PageViewController2.app; sourceTree = BUILT_PRODUCTS_DIR; };
		40D8332B1C575B59000C44D8 /* AppDelegate.swift */ = {isa = PBXFileReference; lastKnownFileType = sourcecode.swift; path = AppDelegate.swift; sourceTree = "<group>"; };
		40D8332D1C575B59000C44D8 /* ViewController.swift */ = {isa = PBXFileReference; lastKnownFileType = sourcecode.swift; path = ViewController.swift; sourceTree = "<group>"; };
		40D833301C575B59000C44D8 /* Base */ = {isa = PBXFileReference; lastKnownFileType = file.storyboard; name = Base; path = Base.lproj/Main.storyboard; sourceTree = "<group>"; };
		40D833321C575B59000C44D8 /* Assets.xcassets */ = {isa = PBXFileReference; lastKnownFileType = folder.assetcatalog; path = Assets.xcassets; sourceTree = "<group>"; };
		40D833351C575B59000C44D8 /* Base */ = {isa = PBXFileReference; lastKnownFileType = file.storyboard; name = Base; path = Base.lproj/LaunchScreen.storyboard; sourceTree = "<group>"; };
		40D833371C575B59000C44D8 /* Info.plist */ = {isa = PBXFileReference; lastKnownFileType = text.plist.xml; path = Info.plist; sourceTree = "<group>"; };
		40D8333C1C575B59000C44D8 /* test_PageViewController2Tests.xctest */ = {isa = PBXFileReference; explicitFileType = wrapper.cfbundle; includeInIndex = 0; path = test_PageViewController2Tests.xctest; sourceTree = BUILT_PRODUCTS_DIR; };
		40D833401C575B59000C44D8 /* test_PageViewController2Tests.swift */ = {isa = PBXFileReference; lastKnownFileType = sourcecode.swift; path = test_PageViewController2Tests.swift; sourceTree = "<group>"; };
		40D833421C575B59000C44D8 /* Info.plist */ = {isa = PBXFileReference; lastKnownFileType = text.plist.xml; path = Info.plist; sourceTree = "<group>"; };
		40D833471C575B59000C44D8 /* test_PageViewController2UITests.xctest */ = {isa = PBXFileReference; explicitFileType = wrapper.cfbundle; includeInIndex = 0; path = test_PageViewController2UITests.xctest; sourceTree = BUILT_PRODUCTS_DIR; };
		40D8334B1C575B59000C44D8 /* test_PageViewController2UITests.swift */ = {isa = PBXFileReference; lastKnownFileType = sourcecode.swift; path = test_PageViewController2UITests.swift; sourceTree = "<group>"; };
		40D8334D1C575B59000C44D8 /* Info.plist */ = {isa = PBXFileReference; lastKnownFileType = text.plist.xml; path = Info.plist; sourceTree = "<group>"; };
/* End PBXFileReference section */

/* Begin PBXFrameworksBuildPhase section */
		40D833251C575B59000C44D8 /* Frameworks */ = {
			isa = PBXFrameworksBuildPhase;
			buildActionMask = 2147483647;
			files = (
			);
			runOnlyForDeploymentPostprocessing = 0;
		};
		40D833391C575B59000C44D8 /* Frameworks */ = {
			isa = PBXFrameworksBuildPhase;
			buildActionMask = 2147483647;
			files = (
			);
			runOnlyForDeploymentPostprocessing = 0;
		};
		40D833441C575B59000C44D8 /* Frameworks */ = {
			isa = PBXFrameworksBuildPhase;
			buildActionMask = 2147483647;
			files = (
			);
			runOnlyForDeploymentPostprocessing = 0;
		};
/* End PBXFrameworksBuildPhase section */

/* Begin PBXGroup section */
		40D8331F1C575B59000C44D8 = {
			isa = PBXGroup;
			children = (
				40D8332A1C575B59000C44D8 /* test_PageViewController2 */,
				40D8333F1C575B59000C44D8 /* test_PageViewController2Tests */,
				40D8334A1C575B59000C44D8 /* test_PageViewController2UITests */,
				40D833291C575B59000C44D8 /* Products */,
			);
			sourceTree = "<group>";
		};
		40D833291C575B59000C44D8 /* Products */ = {
			isa = PBXGroup;
			children = (
				40D833281C575B59000C44D8 /* test_PageViewController2.app */,
				40D8333C1C575B59000C44D8 /* test_PageViewController2Tests.xctest */,
				40D833471C575B59000C44D8 /* test_PageViewController2UITests.xctest */,
			);
			name = Products;
			sourceTree = "<group>";
		};
		40D8332A1C575B59000C44D8 /* test_PageViewController2 */ = {
			isa = PBXGroup;
			children = (
				40D8332B1C575B59000C44D8 /* AppDelegate.swift */,
				40D8332D1C575B59000C44D8 /* ViewController.swift */,
				40D8332F1C575B59000C44D8 /* Main.storyboard */,
				40D833321C575B59000C44D8 /* Assets.xcassets */,
				40D833341C575B59000C44D8 /* LaunchScreen.storyboard */,
				40D833371C575B59000C44D8 /* Info.plist */,
			);
			path = test_PageViewController2;
			sourceTree = "<group>";
		};
		40D8333F1C575B59000C44D8 /* test_PageViewController2Tests */ = {
			isa = PBXGroup;
			children = (
				40D833401C575B59000C44D8 /* test_PageViewController2Tests.swift */,
				40D833421C575B59000C44D8 /* Info.plist */,
			);
			path = test_PageViewController2Tests;
			sourceTree = "<group>";
		};
		40D8334A1C575B59000C44D8 /* test_PageViewController2UITests */ = {
			isa = PBXGroup;
			children = (
				40D8334B1C575B59000C44D8 /* test_PageViewController2UITests.swift */,
				40D8334D1C575B59000C44D8 /* Info.plist */,
			);
			path = test_PageViewController2UITests;
			sourceTree = "<group>";
		};
/* End PBXGroup section */

/* Begin PBXNativeTarget section */
		40D833271C575B59000C44D8 /* test_PageViewController2 */ = {
			isa = PBXNativeTarget;
			buildConfigurationList = 40D833501C575B59000C44D8 /* Build configuration list for PBXNativeTarget "test_PageViewController2" */;
			buildPhases = (
				40D833241C575B59000C44D8 /* Sources */,
				40D833251C575B59000C44D8 /* Frameworks */,
				40D833261C575B59000C44D8 /* Resources */,
			);
			buildRules = (
			);
			dependencies = (
			);
			name = test_PageViewController2;
			productName = test_PageViewController2;
			productReference = 40D833281C575B59000C44D8 /* test_PageViewController2.app */;
			productType = "com.apple.product-type.application";
		};
		40D8333B1C575B59000C44D8 /* test_PageViewController2Tests */ = {
			isa = PBXNativeTarget;
			buildConfigurationList = 40D833531C575B59000C44D8 /* Build configuration list for PBXNativeTarget "test_PageViewController2Tests" */;
			buildPhases = (
				40D833381C575B59000C44D8 /* Sources */,
				40D833391C575B59000C44D8 /* Frameworks */,
				40D8333A1C575B59000C44D8 /* Resources */,
			);
			buildRules = (
			);
			dependencies = (
				40D8333E1C575B59000C44D8 /* PBXTargetDependency */,
			);
			name = test_PageViewController2Tests;
			productName = test_PageViewController2Tests;
			productReference = 40D8333C1C575B59000C44D8 /* test_PageViewController2Tests.xctest */;
			productType = "com.apple.product-type.bundle.unit-test";
		};
		40D833461C575B59000C44D8 /* test_PageViewController2UITests */ = {
			isa = PBXNativeTarget;
			buildConfigurationList = 40D833561C575B59000C44D8 /* Build configuration list for PBXNativeTarget "test_PageViewController2UITests" */;
			buildPhases = (
				40D833431C575B59000C44D8 /* Sources */,
				40D833441C575B59000C44D8 /* Frameworks */,
				40D833451C575B59000C44D8 /* Resources */,
			);
			buildRules = (
			);
			dependencies = (
				40D833491C575B59000C44D8 /* PBXTargetDependency */,
			);
			name = test_PageViewController2UITests;
			productName = test_PageViewController2UITests;
			productReference = 40D833471C575B59000C44D8 /* test_PageViewController2UITests.xctest */;
			productType = "com.apple.product-type.bundle.ui-testing";
		};
/* End PBXNativeTarget section */

/* Begin PBXProject section */
		40D833201C575B59000C44D8 /* Project object */ = {
			isa = PBXProject;
			attributes = {
				LastSwiftUpdateCheck = 0720;
				LastUpgradeCheck = 0720;
				ORGANIZATIONNAME = MScZJN;
				TargetAttributes = {
					40D833271C575B59000C44D8 = {
						CreatedOnToolsVersion = 7.2;
						DevelopmentTeam = EFYK34E75R;
					};
					40D8333B1C575B59000C44D8 = {
						CreatedOnToolsVersion = 7.2;
						DevelopmentTeam = EFYK34E75R;
						TestTargetID = 40D833271C575B59000C44D8;
					};
					40D833461C575B59000C44D8 = {
						CreatedOnToolsVersion = 7.2;
						DevelopmentTeam = EFYK34E75R;
						TestTargetID = 40D833271C575B59000C44D8;
					};
				};
			};
			buildConfigurationList = 40D833231C575B59000C44D8 /* Build configuration list for PBXProject "test_PageViewController2" */;
			compatibilityVersion = "Xcode 3.2";
			developmentRegion = English;
			hasScannedForEncodings = 0;
			knownRegions = (
				en,
				Base,
			);
			mainGroup = 40D8331F1C575B59000C44D8;
			productRefGroup = 40D833291C575B59000C44D8 /* Products */;
			projectDirPath = "";
			projectRoot = "";
			targets = (
				40D833271C575B59000C44D8 /* test_PageViewController2 */,
				40D8333B1C575B59000C44D8 /* test_PageViewController2Tests */,
				40D833461C575B59000C44D8 /* test_PageViewController2UITests */,
			);
		};
/* End PBXProject section */

/* Begin PBXResourcesBuildPhase section */
		40D833261C575B59000C44D8 /* Resources */ = {
			isa = PBXResourcesBuildPhase;
			buildActionMask = 2147483647;
			files = (
				40D833361C575B59000C44D8 /* LaunchScreen.storyboard in Resources */,
				40D833331C575B59000C44D8 /* Assets.xcassets in Resources */,
				40D833311C575B59000C44D8 /* Main.storyboard in Resources */,
			);
			runOnlyForDeploymentPostprocessing = 0;
		};
		40D8333A1C575B59000C44D8 /* Resources */ = {
			isa = PBXResourcesBuildPhase;
			buildActionMask = 2147483647;
			files = (
			);
			runOnlyForDeploymentPostprocessing = 0;
		};
		40D833451C575B59000C44D8 /* Resources */ = {
			isa = PBXResourcesBuildPhase;
			buildActionMask = 2147483647;
			files = (
			);
			runOnlyForDeploymentPostprocessing = 0;
		};
/* End PBXResourcesBuildPhase section */

/* Begin PBXSourcesBuildPhase section */
		40D833241C575B59000C44D8 /* Sources */ = {
			isa = PBXSourcesBuildPhase;
			buildActionMask = 2147483647;
			files = (
				40D8332E1C575B59000C44D8 /* ViewController.swift in Sources */,
				40D8332C1C575B59000C44D8 /* AppDelegate.swift in Sources */,
			);
			runOnlyForDeploymentPostprocessing = 0;
		};
		40D833381C575B59000C44D8 /* Sources */ = {
			isa = PBXSourcesBuildPhase;
			buildActionMask = 2147483647;
			files = (
				40D833411C575B59000C44D8 /* test_PageViewController2Tests.swift in Sources */,
			);
			runOnlyForDeploymentPostprocessing = 0;
		};
		40D833431C575B59000C44D8 /* Sources */ = {
			isa = PBXSourcesBuildPhase;
			buildActionMask = 2147483647;
			files = (
				40D8334C1C575B59000C44D8 /* test_PageViewController2UITests.swift in Sources */,
			);
			runOnlyForDeploymentPostprocessing = 0;
		};
/* End PBXSourcesBuildPhase section */

/* Begin PBXTargetDependency section */
		40D8333E1C575B59000C44D8 /* PBXTargetDependency */ = {
			isa = PBXTargetDependency;
			target = 40D833271C575B59000C44D8 /* test_PageViewController2 */;
			targetProxy = 40D8333D1C575B59000C44D8 /* PBXContainerItemProxy */;
		};
		40D833491C575B59000C44D8 /* PBXTargetDependency */ = {
			isa = PBXTargetDependency;
			target = 40D833271C575B59000C44D8 /* test_PageViewController2 */;
			targetProxy = 40D833481C575B59000C44D8 /* PBXContainerItemProxy */;
		};
/* End PBXTargetDependency section */

/* Begin PBXVariantGroup section */
		40D8332F1C575B59000C44D8 /* Main.storyboard */ = {
			isa = PBXVariantGroup;
			children = (
				40D833301C575B59000C44D8 /* Base */,
			);
			name = Main.storyboard;
			sourceTree = "<group>";
		};
		40D833341C575B59000C44D8 /* LaunchScreen.storyboard */ = {
			isa = PBXVariantGroup;
			children = (
				40D833351C575B59000C44D8 /* Base */,
			);
			name = LaunchScreen.storyboard;
			sourceTree = "<group>";
		};
/* End PBXVariantGroup section */

/* Begin XCBuildConfiguration section */
		40D8334E1C575B59000C44D8 /* Debug */ = {
			isa = XCBuildConfiguration;
			buildSettings = {
				ALWAYS_SEARCH_USER_PATHS = NO;
				CLANG_CXX_LANGUAGE_STANDARD = "gnu++0x";
				CLANG_CXX_LIBRARY = "libc++";
				CLANG_ENABLE_MODULES = YES;
				CLANG_ENABLE_OBJC_ARC = YES;
				CLANG_WARN_BOOL_CONVERSION = YES;
				CLANG_WARN_CONSTANT_CONVERSION = YES;
				CLANG_WARN_DIRECT_OBJC_ISA_USAGE = YES_ERROR;
				CLANG_WARN_EMPTY_BODY = YES;
				CLANG_WARN_ENUM_CONVERSION = YES;
				CLANG_WARN_INT_CONVERSION = YES;
				CLANG_WARN_OBJC_ROOT_CLASS = YES_ERROR;
				CLANG_WARN_UNREACHABLE_CODE = YES;
				CLANG_WARN__DUPLICATE_METHOD_MATCH = YES;
				"CODE_SIGN_IDENTITY[sdk=iphoneos*]" = "iPhone Developer";
				COPY_PHASE_STRIP = NO;
				DEBUG_INFORMATION_FORMAT = dwarf;
				ENABLE_STRICT_OBJC_MSGSEND = YES;
				ENABLE_TESTABILITY = YES;
				GCC_C_LANGUAGE_STANDARD = gnu99;
				GCC_DYNAMIC_NO_PIC = NO;
				GCC_NO_COMMON_BLOCKS = YES;
				GCC_OPTIMIZATION_LEVEL = 0;
				GCC_PREPROCESSOR_DEFINITIONS = (
					"DEBUG=1",
					"$(inherited)",
				);
				GCC_WARN_64_TO_32_BIT_CONVERSION = YES;
				GCC_WARN_ABOUT_RETURN_TYPE = YES_ERROR;
				GCC_WARN_UNDECLARED_SELECTOR = YES;
				GCC_WARN_UNINITIALIZED_AUTOS = YES_AGGRESSIVE;
				GCC_WARN_UNUSED_FUNCTION = YES;
				GCC_WARN_UNUSED_VARIABLE = YES;
				IPHONEOS_DEPLOYMENT_TARGET = 9.2;
				MTL_ENABLE_DEBUG_INFO = YES;
				ONLY_ACTIVE_ARCH = YES;
				SDKROOT = iphoneos;
				SWIFT_OPTIMIZATION_LEVEL = "-Onone";
			};
			name = Debug;
		};
		40D8334F1C575B59000C44D8 /* Release */ = {
			isa = XCBuildConfiguration;
			buildSettings = {
				ALWAYS_SEARCH_USER_PATHS = NO;
				CLANG_CXX_LANGUAGE_STANDARD = "gnu++0x";
				CLANG_CXX_LIBRARY = "libc++";
				CLANG_ENABLE_MODULES = YES;
				CLANG_ENABLE_OBJC_ARC = YES;
				CLANG_WARN_BOOL_CONVERSION = YES;
				CLANG_WARN_CONSTANT_CONVERSION = YES;
				CLANG_WARN_DIRECT_OBJC_ISA_USAGE = YES_ERROR;
				CLANG_WARN_EMPTY_BODY = YES;
				CLANG_WARN_ENUM_CONVERSION = YES;
				CLANG_WARN_INT_CONVERSION = YES;
				CLANG_WARN_OBJC_ROOT_CLASS = YES_ERROR;
				CLANG_WARN_UNREACHABLE_CODE = YES;
				CLANG_WARN__DUPLICATE_METHOD_MATCH = YES;
				"CODE_SIGN_IDENTITY[sdk=iphoneos*]" = "iPhone Developer";
				COPY_PHASE_STRIP = NO;
				DEBUG_INFORMATION_FORMAT = "dwarf-with-dsym";
				ENABLE_NS_ASSERTIONS = NO;
				ENABLE_STRICT_OBJC_MSGSEND = YES;
				GCC_C_LANGUAGE_STANDARD = gnu99;
				GCC_NO_COMMON_BLOCKS = YES;
				GCC_WARN_64_TO_32_BIT_CONVERSION = YES;
				GCC_WARN_ABOUT_RETURN_TYPE = YES_ERROR;
				GCC_WARN_UNDECLARED_SELECTOR = YES;
				GCC_WARN_UNINITIALIZED_AUTOS = YES_AGGRESSIVE;
				GCC_WARN_UNUSED_FUNCTION = YES;
				GCC_WARN_UNUSED_VARIABLE = YES;
				IPHONEOS_DEPLOYMENT_TARGET = 9.2;
				MTL_ENABLE_DEBUG_INFO = NO;
				SDKROOT = iphoneos;
				VALIDATE_PRODUCT = YES;
			};
			name = Release;
		};
		40D833511C575B59000C44D8 /* Debug */ = {
			isa = XCBuildConfiguration;
			buildSettings = {
				ASSETCATALOG_COMPILER_APPICON_NAME = AppIcon;
				INFOPLIST_FILE = test_PageViewController2/Info.plist;
				LD_RUNPATH_SEARCH_PATHS = "$(inherited) @executable_path/Frameworks";
				PRODUCT_BUNDLE_IDENTIFIER = "com.MScZJN.test-PageViewController2";
				PRODUCT_NAME = "$(TARGET_NAME)";
			};
			name = Debug;
		};
		40D833521C575B59000C44D8 /* Release */ = {
			isa = XCBuildConfiguration;
			buildSettings = {
				ASSETCATALOG_COMPILER_APPICON_NAME = AppIcon;
				INFOPLIST_FILE = test_PageViewController2/Info.plist;
				LD_RUNPATH_SEARCH_PATHS = "$(inherited) @executable_path/Frameworks";
				PRODUCT_BUNDLE_IDENTIFIER = "com.MScZJN.test-PageViewController2";
				PRODUCT_NAME = "$(TARGET_NAME)";
			};
			name = Release;
		};
		40D833541C575B59000C44D8 /* Debug */ = {
			isa = XCBuildConfiguration;
			buildSettings = {
				BUNDLE_LOADER = "$(TEST_HOST)";
				INFOPLIST_FILE = test_PageViewController2Tests/Info.plist;
				LD_RUNPATH_SEARCH_PATHS = "$(inherited) @executable_path/Frameworks @loader_path/Frameworks";
				PRODUCT_BUNDLE_IDENTIFIER = "com.MScZJN.test-PageViewController2Tests";
				PRODUCT_NAME = "$(TARGET_NAME)";
				TEST_HOST = "$(BUILT_PRODUCTS_DIR)/test_PageViewController2.app/test_PageViewController2";
			};
			name = Debug;
		};
		40D833551C575B59000C44D8 /* Release */ = {
			isa = XCBuildConfiguration;
			buildSettings = {
				BUNDLE_LOADER = "$(TEST_HOST)";
				INFOPLIST_FILE = test_PageViewController2Tests/Info.plist;
				LD_RUNPATH_SEARCH_PATHS = "$(inherited) @executable_path/Frameworks @loader_path/Frameworks";
				PRODUCT_BUNDLE_IDENTIFIER = "com.MScZJN.test-PageViewController2Tests";
				PRODUCT_NAME = "$(TARGET_NAME)";
				TEST_HOST = "$(BUILT_PRODUCTS_DIR)/test_PageViewController2.app/test_PageViewController2";
			};
			name = Release;
		};
		40D833571C575B59000C44D8 /* Debug */ = {
			isa = XCBuildConfiguration;
			buildSettings = {
				INFOPLIST_FILE = test_PageViewController2UITests/Info.plist;
				LD_RUNPATH_SEARCH_PATHS = "$(inherited) @executable_path/Frameworks @loader_path/Frameworks";
				PRODUCT_BUNDLE_IDENTIFIER = "com.MScZJN.test-PageViewController2UITests";
				PRODUCT_NAME = "$(TARGET_NAME)";
				TEST_TARGET_NAME = test_PageViewController2;
				USES_XCTRUNNER = YES;
			};
			name = Debug;
		};
		40D833581C575B59000C44D8 /* Release */ = {
			isa = XCBuildConfiguration;
			buildSettings = {
				INFOPLIST_FILE = test_PageViewController2UITests/Info.plist;
				LD_RUNPATH_SEARCH_PATHS = "$(inherited) @executable_path/Frameworks @loader_path/Frameworks";
				PRODUCT_BUNDLE_IDENTIFIER = "com.MScZJN.test-PageViewController2UITests";
				PRODUCT_NAME = "$(TARGET_NAME)";
				TEST_TARGET_NAME = test_PageViewController2;
				USES_XCTRUNNER = YES;
			};
			name = Release;
		};
/* End XCBuildConfiguration section */

/* Begin XCConfigurationList section */
		40D833231C575B59000C44D8 /* Build configuration list for PBXProject "test_PageViewController2" */ = {
			isa = XCConfigurationList;
			buildConfigurations = (
				40D8334E1C575B59000C44D8 /* Debug */,
				40D8334F1C575B59000C44D8 /* Release */,
			);
			defaultConfigurationIsVisible = 0;
			defaultConfigurationName = Release;
		};
		40D833501C575B59000C44D8 /* Build configuration list for PBXNativeTarget "test_PageViewController2" */ = {
			isa = XCConfigurationList;
			buildConfigurations = (
				40D833511C575B59000C44D8 /* Debug */,
				40D833521C575B59000C44D8 /* Release */,
			);
			defaultConfigurationIsVisible = 0;
		};
		40D833531C575B59000C44D8 /* Build configuration list for PBXNativeTarget "test_PageViewController2Tests" */ = {
			isa = XCConfigurationList;
			buildConfigurations = (
				40D833541C575B59000C44D8 /* Debug */,
				40D833551C575B59000C44D8 /* Release */,
			);
			defaultConfigurationIsVisible = 0;
		};
		40D833561C575B59000C44D8 /* Build configuration list for PBXNativeTarget "test_PageViewController2UITests" */ = {
			isa = XCConfigurationList;
			buildConfigurations = (
				40D833571C575B59000C44D8 /* Debug */,
				40D833581C575B59000C44D8 /* Release */,
			);
			defaultConfigurationIsVisible = 0;
		};
/* End XCConfigurationList section */
	};
	rootObject = 40D833201C575B59000C44D8 /* Project object */;
}
